// !$*UTF8*$!
{
	archiveVersion = 1;
	classes = {
	};
	objectVersion = 70;
	objects = {

/* Begin PBXBuildFile section */
		A10000010000000000000001 /* Scout22App.swift in Sources */ = {isa = PBXBuildFile; fileRef = A20000010000000000000001 /* Scout22App.swift */; };
		A10000010000000000000002 /* NativeRootView.swift in Sources */ = {isa = PBXBuildFile; fileRef = A20000010000000000000002 /* NativeRootView.swift */; };
		A10000010000000000000003 /* EmployerHomeView.swift in Sources */ = {isa = PBXBuildFile; fileRef = A20000010000000000000003 /* EmployerHomeView.swift */; };
		A10000010000000000000004 /* JobSeekerHomeView.swift in Sources */ = {isa = PBXBuildFile; fileRef = A20000010000000000000004 /* JobSeekerHomeView.swift */; };
		A10000010000000000000005 /* Theme.swift in Sources */ = {isa = PBXBuildFile; fileRef = A20000010000000000000005 /* Theme.swift */; };
		A10000010000000000000006 /* Models.swift in Sources */ = {isa = PBXBuildFile; fileRef = A20000010000000000000006 /* Models.swift */; };
		A10000010000000000000007 /* Config.swift in Sources */ = {isa = PBXBuildFile; fileRef = A20000010000000000000007 /* Config.swift */; };
		A10000010000000000000008 /* Assets.xcassets in Resources */ = {isa = PBXBuildFile; fileRef = A20000010000000000000008 /* Assets.xcassets */; };
		A10000010000000000000009 /* SampleVideos in Resources */ = {isa = PBXBuildFile; fileRef = A20000010000000000000009 /* SampleVideos */; };
		A10000010000000000000011 /* SupabaseService.swift in Sources */ = {isa = PBXBuildFile; fileRef = A20000010000000000000011 /* SupabaseService.swift */; };
		A10000010000000000000012 /* AppSessionStore.swift in Sources */ = {isa = PBXBuildFile; fileRef = A20000010000000000000012 /* AppSessionStore.swift */; };
		A10000010000000000000013 /* LaunchScreen.storyboard in Resources */ = {isa = PBXBuildFile; fileRef = A20000010000000000000013 /* LaunchScreen.storyboard */; };
		A10000010000000000000015 /* AdminHomeView.swift in Sources */ = {isa = PBXBuildFile; fileRef = A20000010000000000000015 /* AdminHomeView.swift */; };
		A10000010000000000000016 /* SharedUI.swift in Sources */ = {isa = PBXBuildFile; fileRef = A20000010000000000000016 /* SharedUI.swift */; };
		A10000010000000000000017 /* VideoComponents.swift in Sources */ = {isa = PBXBuildFile; fileRef = A20000010000000000000017 /* VideoComponents.swift */; };
		A10000010000000000000018 /* VideoStudio.swift in Sources */ = {isa = PBXBuildFile; fileRef = A20000010000000000000018 /* VideoStudio.swift */; };
		A10000010000000000000025 /* ApplyDrawerView.swift in Sources */ = {isa = PBXBuildFile; fileRef = A20000010000000000000025 /* ApplyDrawerView.swift */; };
		A10000010000000000000026 /* CarouselFeedCard.swift in Sources */ = {isa = PBXBuildFile; fileRef = A20000010000000000000026 /* CarouselFeedCard.swift */; };
		A10000010000000000000027 /* CarouselThemes.swift in Sources */ = {isa = PBXBuildFile; fileRef = A20000010000000000000027 /* CarouselThemes.swift */; };
		A10000010000000000000028 /* SupabaseTransport.swift in Sources */ = {isa = PBXBuildFile; fileRef = A20000010000000000000028 /* SupabaseTransport.swift */; };
		A10000010000000000000029 /* AuthService.swift in Sources */ = {isa = PBXBuildFile; fileRef = A20000010000000000000029 /* AuthService.swift */; };
		A1000001000000000000002A /* CandidateService.swift in Sources */ = {isa = PBXBuildFile; fileRef = A2000001000000000000002A /* CandidateService.swift */; };
		A1000001000000000000002B /* AppLog.swift in Sources */ = {isa = PBXBuildFile; fileRef = A2000001000000000000002B /* AppLog.swift */; };
		A1000001000000000000002C /* SharedFormatters.swift in Sources */ = {isa = PBXBuildFile; fileRef = A2000001000000000000002C /* SharedFormatters.swift */; };
		A1000001000000000000002D /* FounderEmailSheet.swift in Sources */ = {isa = PBXBuildFile; fileRef = A2000001000000000000002D /* FounderEmailSheet.swift */; };
		A1000001000000000000002E /* VideoProcessing.swift in Sources */ = {isa = PBXBuildFile; fileRef = A2000001000000000000002E /* VideoProcessing.swift */; };
		A1000001000000000000002F /* ResumeTextExtractor.swift in Sources */ = {isa = PBXBuildFile; fileRef = A2000001000000000000002F /* ResumeTextExtractor.swift */; };
		A10000010000000000000030 /* SupabaseErrorMapping.swift in Sources */ = {isa = PBXBuildFile; fileRef = A20000010000000000000030 /* SupabaseErrorMapping.swift */; };
		A10000010000000000000031 /* SharedConstants.swift in Sources */ = {isa = PBXBuildFile; fileRef = A20000010000000000000031 /* SharedConstants.swift */; };
		A10000010000000000000032 /* KeychainStore.swift in Sources */ = {isa = PBXBuildFile; fileRef = A20000010000000000000032 /* KeychainStore.swift */; };
		A10000010000000000000033 /* CarouselStyles.swift in Sources */ = {isa = PBXBuildFile; fileRef = A20000010000000000000033 /* CarouselStyles.swift */; };
		A10000010000000000000035 /* Fonts in Resources */ = {isa = PBXBuildFile; fileRef = A20000010000000000000035 /* Fonts */; };
		A10000010000000000000036 /* CarouselFonts.swift in Sources */ = {isa = PBXBuildFile; fileRef = A20000010000000000000036 /* CarouselFonts.swift */; };
		A10000010000000000000037 /* CarouselCardTemplates.swift in Sources */ = {isa = PBXBuildFile; fileRef = A20000010000000000000037 /* CarouselCardTemplates.swift */; };
		A10000010000000000000041 /* OnboardingFlowView.swift in Sources */ = {isa = PBXBuildFile; fileRef = A20000010000000000000041 /* OnboardingFlowView.swift */; };
		A100000100000000000E0031 /* SharedConstants.swift in Sources */ = {isa = PBXBuildFile; fileRef = A20000010000000000000031 /* SharedConstants.swift */; };
		A100000100000000000E0032 /* KeychainStore.swift in Sources */ = {isa = PBXBuildFile; fileRef = A20000010000000000000032 /* KeychainStore.swift */; };
		A2D918232FD8BC580087EF97 /* scout22ShareExtension.appex in Embed App Extensions */ = {isa = PBXBuildFile; fileRef = A2D918192FD8BC580087EF97 /* scout22ShareExtension.appex */; settings = {ATTRIBUTES = (RemoveHeadersOnCopy, ); }; };
		AB0000010000000000000001 /* ModelsDecodingTests.swift in Sources */ = {isa = PBXBuildFile; fileRef = AC0000010000000000000001 /* ModelsDecodingTests.swift */; };
		AB0000010000000000000002 /* SharedFormattersTests.swift in Sources */ = {isa = PBXBuildFile; fileRef = AC0000010000000000000002 /* SharedFormattersTests.swift */; };
		AB0000010000000000000003 /* SupabaseErrorMappingTests.swift in Sources */ = {isa = PBXBuildFile; fileRef = AC0000010000000000000003 /* SupabaseErrorMappingTests.swift */; };
		AB0000010000000000000005 /* RenderSmokeTests.swift in Sources */ = {isa = PBXBuildFile; fileRef = AC0000010000000000000005 /* RenderSmokeTests.swift */; };
		AB0000010000000000000006 /* AppSessionStoreBootstrapTests.swift in Sources */ = {isa = PBXBuildFile; fileRef = AC0000010000000000000006 /* AppSessionStoreBootstrapTests.swift */; };
		AB0000010000000000000007 /* ATSAutofillPolicyTests.swift in Sources */ = {isa = PBXBuildFile; fileRef = AC0000010000000000000007 /* ATSAutofillPolicyTests.swift */; };
		AB0000010000000000000008 /* CarouselStyleTests.swift in Sources */ = {isa = PBXBuildFile; fileRef = AC0000010000000000000008 /* CarouselStyleTests.swift */; };
/* End PBXBuildFile section */

/* Begin PBXContainerItemProxy section */
		A2D918212FD8BC580087EF97 /* PBXContainerItemProxy */ = {
			isa = PBXContainerItemProxy;
			containerPortal = A60000010000000000000001 /* Project object */;
			proxyType = 1;
			remoteGlobalIDString = A2D918182FD8BC580087EF97;
			remoteInfo = scout22ShareExtension;
		};
		AD00000100000000000000A1 /* PBXContainerItemProxy */ = {
			isa = PBXContainerItemProxy;
			containerPortal = A60000010000000000000001 /* Project object */;
			proxyType = 1;
			remoteGlobalIDString = A50000010000000000000001;
			remoteInfo = scout22;
		};
/* End PBXContainerItemProxy section */

/* Begin PBXCopyFilesBuildPhase section */
		A30000010000000000000007 /* Embed App Extensions */ = {
			isa = PBXCopyFilesBuildPhase;
			buildActionMask = 2147483647;
			dstPath = "";
			dstSubfolderSpec = 13;
			files = (
				A2D918232FD8BC580087EF97 /* scout22ShareExtension.appex in Embed App Extensions */,
			);
			name = "Embed App Extensions";
			runOnlyForDeploymentPostprocessing = 0;
		};
/* End PBXCopyFilesBuildPhase section */

/* Begin PBXFileReference section */
		A20000000000000000000000 /* scout22.app */ = {isa = PBXFileReference; explicitFileType = wrapper.application; includeInIndex = 0; path = scout22.app; sourceTree = BUILT_PRODUCTS_DIR; };
		A20000010000000000000001 /* Scout22App.swift */ = {isa = PBXFileReference; lastKnownFileType = sourcecode.swift; path = Scout22App.swift; sourceTree = "<group>"; };
		A20000010000000000000002 /* NativeRootView.swift */ = {isa = PBXFileReference; lastKnownFileType = sourcecode.swift; path = NativeRootView.swift; sourceTree = "<group>"; };
		A20000010000000000000003 /* EmployerHomeView.swift */ = {isa = PBXFileReference; lastKnownFileType = sourcecode.swift; path = EmployerHomeView.swift; sourceTree = "<group>"; };
		A20000010000000000000004 /* JobSeekerHomeView.swift */ = {isa = PBXFileReference; lastKnownFileType = sourcecode.swift; path = JobSeekerHomeView.swift; sourceTree = "<group>"; };
		A20000010000000000000005 /* Theme.swift */ = {isa = PBXFileReference; lastKnownFileType = sourcecode.swift; path = Theme.swift; sourceTree = "<group>"; };
		A20000010000000000000006 /* Models.swift */ = {isa = PBXFileReference; lastKnownFileType = sourcecode.swift; path = Models.swift; sourceTree = "<group>"; };
		A20000010000000000000007 /* Config.swift */ = {isa = PBXFileReference; lastKnownFileType = sourcecode.swift; path = Config.swift; sourceTree = "<group>"; };
		A20000010000000000000008 /* Assets.xcassets */ = {isa = PBXFileReference; lastKnownFileType = folder.assetcatalog; path = Assets.xcassets; sourceTree = "<group>"; };
		A20000010000000000000009 /* SampleVideos */ = {isa = PBXFileReference; lastKnownFileType = folder; path = SampleVideos; sourceTree = "<group>"; };
		A20000010000000000000011 /* SupabaseService.swift */ = {isa = PBXFileReference; lastKnownFileType = sourcecode.swift; path = SupabaseService.swift; sourceTree = "<group>"; };
		A20000010000000000000012 /* AppSessionStore.swift */ = {isa = PBXFileReference; lastKnownFileType = sourcecode.swift; path = AppSessionStore.swift; sourceTree = "<group>"; };
		A20000010000000000000013 /* LaunchScreen.storyboard */ = {isa = PBXFileReference; lastKnownFileType = file.storyboard; path = LaunchScreen.storyboard; sourceTree = "<group>"; };
		A20000010000000000000014 /* scout22.xcconfig */ = {isa = PBXFileReference; lastKnownFileType = text.xcconfig; path = scout22.xcconfig; sourceTree = "<group>"; };
		A20000010000000000000015 /* AdminHomeView.swift */ = {isa = PBXFileReference; lastKnownFileType = sourcecode.swift; path = AdminHomeView.swift; sourceTree = "<group>"; };
		A20000010000000000000016 /* SharedUI.swift */ = {isa = PBXFileReference; lastKnownFileType = sourcecode.swift; path = SharedUI.swift; sourceTree = "<group>"; };
		A20000010000000000000017 /* VideoComponents.swift */ = {isa = PBXFileReference; lastKnownFileType = sourcecode.swift; path = VideoComponents.swift; sourceTree = "<group>"; };
		A20000010000000000000018 /* VideoStudio.swift */ = {isa = PBXFileReference; lastKnownFileType = sourcecode.swift; path = VideoStudio.swift; sourceTree = "<group>"; };
		A20000010000000000000020 /* scout22.entitlements */ = {isa = PBXFileReference; lastKnownFileType = text.plist.entitlements; path = scout22.entitlements; sourceTree = "<group>"; };
		A20000010000000000000025 /* ApplyDrawerView.swift */ = {isa = PBXFileReference; lastKnownFileType = sourcecode.swift; path = ApplyDrawerView.swift; sourceTree = "<group>"; };
		A20000010000000000000026 /* CarouselFeedCard.swift */ = {isa = PBXFileReference; lastKnownFileType = sourcecode.swift; path = CarouselFeedCard.swift; sourceTree = "<group>"; };
		A20000010000000000000027 /* CarouselThemes.swift */ = {isa = PBXFileReference; lastKnownFileType = sourcecode.swift; path = CarouselThemes.swift; sourceTree = "<group>"; };
		A20000010000000000000028 /* SupabaseTransport.swift */ = {isa = PBXFileReference; lastKnownFileType = sourcecode.swift; path = SupabaseTransport.swift; sourceTree = "<group>"; };
		A20000010000000000000029 /* AuthService.swift */ = {isa = PBXFileReference; lastKnownFileType = sourcecode.swift; path = AuthService.swift; sourceTree = "<group>"; };
		A2000001000000000000002A /* CandidateService.swift */ = {isa = PBXFileReference; lastKnownFileType = sourcecode.swift; path = CandidateService.swift; sourceTree = "<group>"; };
		A2000001000000000000002B /* AppLog.swift */ = {isa = PBXFileReference; lastKnownFileType = sourcecode.swift; path = AppLog.swift; sourceTree = "<group>"; };
		A2000001000000000000002C /* SharedFormatters.swift */ = {isa = PBXFileReference; lastKnownFileType = sourcecode.swift; path = SharedFormatters.swift; sourceTree = "<group>"; };
		A2000001000000000000002D /* FounderEmailSheet.swift */ = {isa = PBXFileReference; lastKnownFileType = sourcecode.swift; path = FounderEmailSheet.swift; sourceTree = "<group>"; };
		A2000001000000000000002E /* VideoProcessing.swift */ = {isa = PBXFileReference; lastKnownFileType = sourcecode.swift; path = VideoProcessing.swift; sourceTree = "<group>"; };
		A2000001000000000000002F /* ResumeTextExtractor.swift */ = {isa = PBXFileReference; lastKnownFileType = sourcecode.swift; path = ResumeTextExtractor.swift; sourceTree = "<group>"; };
		A20000010000000000000030 /* SupabaseErrorMapping.swift */ = {isa = PBXFileReference; lastKnownFileType = sourcecode.swift; path = SupabaseErrorMapping.swift; sourceTree = "<group>"; };
		A20000010000000000000031 /* SharedConstants.swift */ = {isa = PBXFileReference; lastKnownFileType = sourcecode.swift; path = SharedConstants.swift; sourceTree = "<group>"; };
		A20000010000000000000032 /* KeychainStore.swift */ = {isa = PBXFileReference; lastKnownFileType = sourcecode.swift; path = KeychainStore.swift; sourceTree = "<group>"; };
		A20000010000000000000033 /* CarouselStyles.swift */ = {isa = PBXFileReference; lastKnownFileType = sourcecode.swift; path = CarouselStyles.swift; sourceTree = "<group>"; };
		A20000010000000000000035 /* Fonts */ = {isa = PBXFileReference; lastKnownFileType = folder; path = Fonts; sourceTree = "<group>"; };
		A20000010000000000000036 /* CarouselFonts.swift */ = {isa = PBXFileReference; lastKnownFileType = sourcecode.swift; path = CarouselFonts.swift; sourceTree = "<group>"; };
		A20000010000000000000037 /* CarouselCardTemplates.swift */ = {isa = PBXFileReference; lastKnownFileType = sourcecode.swift; path = CarouselCardTemplates.swift; sourceTree = "<group>"; };
		A20000010000000000000041 /* OnboardingFlowView.swift */ = {isa = PBXFileReference; lastKnownFileType = sourcecode.swift; path = OnboardingFlowView.swift; sourceTree = "<group>"; };
		A2D918192FD8BC580087EF97 /* scout22ShareExtension.appex */ = {isa = PBXFileReference; explicitFileType = "wrapper.app-extension"; includeInIndex = 0; path = scout22ShareExtension.appex; sourceTree = BUILT_PRODUCTS_DIR; };
		AC0000010000000000000001 /* ModelsDecodingTests.swift */ = {isa = PBXFileReference; lastKnownFileType = sourcecode.swift; path = ModelsDecodingTests.swift; sourceTree = "<group>"; };
		AC0000010000000000000002 /* SharedFormattersTests.swift */ = {isa = PBXFileReference; lastKnownFileType = sourcecode.swift; path = SharedFormattersTests.swift; sourceTree = "<group>"; };
		AC0000010000000000000003 /* SupabaseErrorMappingTests.swift */ = {isa = PBXFileReference; lastKnownFileType = sourcecode.swift; path = SupabaseErrorMappingTests.swift; sourceTree = "<group>"; };
		AC0000010000000000000005 /* RenderSmokeTests.swift */ = {isa = PBXFileReference; lastKnownFileType = sourcecode.swift; path = RenderSmokeTests.swift; sourceTree = "<group>"; };
		AC0000010000000000000006 /* AppSessionStoreBootstrapTests.swift */ = {isa = PBXFileReference; lastKnownFileType = sourcecode.swift; path = AppSessionStoreBootstrapTests.swift; sourceTree = "<group>"; };
		AC0000010000000000000007 /* ATSAutofillPolicyTests.swift */ = {isa = PBXFileReference; lastKnownFileType = sourcecode.swift; path = ATSAutofillPolicyTests.swift; sourceTree = "<group>"; };
		AC0000010000000000000008 /* CarouselStyleTests.swift */ = {isa = PBXFileReference; lastKnownFileType = sourcecode.swift; path = CarouselStyleTests.swift; sourceTree = "<group>"; };
		AC0000010000000000A00001 /* scout22Tests.xctest */ = {isa = PBXFileReference; explicitFileType = wrapper.cfbundle; includeInIndex = 0; path = scout22Tests.xctest; sourceTree = BUILT_PRODUCTS_DIR; };
/* End PBXFileReference section */

/* Begin PBXFileSystemSynchronizedBuildFileExceptionSet section */
		A2D918242FD8BC580087EF97 /* PBXFileSystemSynchronizedBuildFileExceptionSet */ = {
			isa = PBXFileSystemSynchronizedBuildFileExceptionSet;
			membershipExceptions = (
				Info.plist,
			);
			target = A2D918182FD8BC580087EF97 /* scout22ShareExtension */;
		};
/* End PBXFileSystemSynchronizedBuildFileExceptionSet section */

/* Begin PBXFileSystemSynchronizedRootGroup section */
		A2D9181A2FD8BC580087EF97 /* scout22ShareExtension */ = {isa = PBXFileSystemSynchronizedRootGroup; exceptions = (A2D918242FD8BC580087EF97 /* PBXFileSystemSynchronizedBuildFileExceptionSet */, ); explicitFileTypes = {}; explicitFolders = (); path = scout22ShareExtension; sourceTree = "<group>"; };
/* End PBXFileSystemSynchronizedRootGroup section */

/* Begin PBXFrameworksBuildPhase section */
		A2D918162FD8BC580087EF97 /* Frameworks */ = {
			isa = PBXFrameworksBuildPhase;
			buildActionMask = 2147483647;
			files = (
			);
			runOnlyForDeploymentPostprocessing = 0;
		};
		A30000010000000000000001 /* Frameworks */ = {
			isa = PBXFrameworksBuildPhase;
			buildActionMask = 2147483647;
			files = (
			);
			runOnlyForDeploymentPostprocessing = 0;
		};
		AD00000100000000000000C2 /* Frameworks */ = {
			isa = PBXFrameworksBuildPhase;
			buildActionMask = 2147483647;
			files = (
			);
			runOnlyForDeploymentPostprocessing = 0;
		};
/* End PBXFrameworksBuildPhase section */

/* Begin PBXGroup section */
		A40000000000000000000000 = {
			isa = PBXGroup;
			children = (
				A40000010000000000000001 /* scout22 */,
				AD00000100000000000000B1 /* scout22Tests */,
				A2D9181A2FD8BC580087EF97 /* scout22ShareExtension */,
				A40000010000000000000002 /* Products */,
			);
			sourceTree = "<group>";
		};
		A40000010000000000000001 /* scout22 */ = {
			isa = PBXGroup;
			children = (
				A20000010000000000000001 /* Scout22App.swift */,
				A20000010000000000000002 /* NativeRootView.swift */,
				A20000010000000000000003 /* EmployerHomeView.swift */,
				A20000010000000000000004 /* JobSeekerHomeView.swift */,
				A20000010000000000000005 /* Theme.swift */,
				A20000010000000000000006 /* Models.swift */,
				A20000010000000000000007 /* Config.swift */,
				A20000010000000000000008 /* Assets.xcassets */,
				A20000010000000000000013 /* LaunchScreen.storyboard */,
				A20000010000000000000014 /* scout22.xcconfig */,
				A20000010000000000000009 /* SampleVideos */,
				A20000010000000000000035 /* Fonts */,
				A20000010000000000000011 /* SupabaseService.swift */,
				A20000010000000000000012 /* AppSessionStore.swift */,
				A20000010000000000000015 /* AdminHomeView.swift */,
				A20000010000000000000016 /* SharedUI.swift */,
				A20000010000000000000017 /* VideoComponents.swift */,
				A20000010000000000000018 /* VideoStudio.swift */,
				A20000010000000000000025 /* ApplyDrawerView.swift */,
				A20000010000000000000026 /* CarouselFeedCard.swift */,
				A20000010000000000000027 /* CarouselThemes.swift */,
				A20000010000000000000033 /* CarouselStyles.swift */,
				A20000010000000000000036 /* CarouselFonts.swift */,
				A20000010000000000000037 /* CarouselCardTemplates.swift */,
				A20000010000000000000028 /* SupabaseTransport.swift */,
				A20000010000000000000029 /* AuthService.swift */,
				A2000001000000000000002A /* CandidateService.swift */,
				A2000001000000000000002B /* AppLog.swift */,
				A2000001000000000000002C /* SharedFormatters.swift */,
				A2000001000000000000002D /* FounderEmailSheet.swift */,
				A20000010000000000000041 /* OnboardingFlowView.swift */,
				A2000001000000000000002E /* VideoProcessing.swift */,
				A2000001000000000000002F /* ResumeTextExtractor.swift */,
				A20000010000000000000030 /* SupabaseErrorMapping.swift */,
				A20000010000000000000031 /* SharedConstants.swift */,
				A20000010000000000000032 /* KeychainStore.swift */,
				A20000010000000000000020 /* scout22.entitlements */,
			);
			path = scout22;
			sourceTree = "<group>";
		};
		A40000010000000000000002 /* Products */ = {
			isa = PBXGroup;
			children = (
				A20000000000000000000000 /* scout22.app */,
				A2D918192FD8BC580087EF97 /* scout22ShareExtension.appex */,
				AC0000010000000000A00001 /* scout22Tests.xctest */,
			);
			name = Products;
			sourceTree = "<group>";
		};
		AD00000100000000000000B1 /* scout22Tests */ = {
			isa = PBXGroup;
			children = (
				AC0000010000000000000001 /* ModelsDecodingTests.swift */,
				AC0000010000000000000002 /* SharedFormattersTests.swift */,
				AC0000010000000000000003 /* SupabaseErrorMappingTests.swift */,
				AC0000010000000000000008 /* CarouselStyleTests.swift */,
				AC0000010000000000000005 /* RenderSmokeTests.swift */,
				AC0000010000000000000006 /* AppSessionStoreBootstrapTests.swift */,
				AC0000010000000000000007 /* ATSAutofillPolicyTests.swift */,
			);
			path = scout22Tests;
			sourceTree = "<group>";
		};
/* End PBXGroup section */

/* Begin PBXNativeTarget section */
		A2D918182FD8BC580087EF97 /* scout22ShareExtension */ = {
			isa = PBXNativeTarget;
			buildConfigurationList = A2D918252FD8BC580087EF97 /* Build configuration list for PBXNativeTarget "scout22ShareExtension" */;
			buildPhases = (
				A2D918152FD8BC580087EF97 /* Sources */,
				A2D918162FD8BC580087EF97 /* Frameworks */,
				A2D918172FD8BC580087EF97 /* Resources */,
			);
			buildRules = (
			);
			dependencies = (
			);
			fileSystemSynchronizedGroups = (
				A2D9181A2FD8BC580087EF97 /* scout22ShareExtension */,
			);
			name = scout22ShareExtension;
			packageProductDependencies = (
			);
			productName = scout22ShareExtension;
			productReference = A2D918192FD8BC580087EF97 /* scout22ShareExtension.appex */;
			productType = "com.apple.product-type.app-extension";
		};
		A50000010000000000000001 /* scout22 */ = {
			isa = PBXNativeTarget;
			buildConfigurationList = A70000010000000000000001 /* Build configuration list for PBXNativeTarget "scout22" */;
			buildPhases = (
				A30000010000000000000002 /* Sources */,
				A30000010000000000000001 /* Frameworks */,
				A30000010000000000000003 /* Resources */,
				A30000010000000000000007 /* Embed App Extensions */,
			);
			buildRules = (
			);
			dependencies = (
				A2D918222FD8BC580087EF97 /* PBXTargetDependency */,
			);
			name = scout22;
			productName = scout22;
			productReference = A20000000000000000000000 /* scout22.app */;
			productType = "com.apple.product-type.application";
		};
		AE00000100000000000000D1 /* scout22Tests */ = {
			isa = PBXNativeTarget;
			buildConfigurationList = AF00000100000000000000E3 /* Build configuration list for PBXNativeTarget "scout22Tests" */;
			buildPhases = (
				AD00000100000000000000C1 /* Sources */,
				AD00000100000000000000C2 /* Frameworks */,
			);
			buildRules = (
			);
			dependencies = (
				AD00000100000000000000A2 /* PBXTargetDependency */,
			);
			name = scout22Tests;
			productName = scout22Tests;
			productReference = AC0000010000000000A00001 /* scout22Tests.xctest */;
			productType = "com.apple.product-type.bundle.unit-test";
		};
/* End PBXNativeTarget section */

/* Begin PBXProject section */
		A60000010000000000000001 /* Project object */ = {
			isa = PBXProject;
			attributes = {
				BuildIndependentTargetsInParallel = 1;
				LastSwiftUpdateCheck = 2640;
				LastUpgradeCheck = 1600;
				TargetAttributes = {
					A2D918182FD8BC580087EF97 = {
						CreatedOnToolsVersion = 26.4;
					};
					A50000010000000000000001 = {
						CreatedOnToolsVersion = 16.0;
					};
					AE00000100000000000000D1 = {
						CreatedOnToolsVersion = 26.4;
						TestTargetID = A50000010000000000000001;
					};
				};
			};
			buildConfigurationList = A70000010000000000000002 /* Build configuration list for PBXProject "scout22" */;
			compatibilityVersion = "Xcode 14.0";
			developmentRegion = en;
			hasScannedForEncodings = 0;
			knownRegions = (
				en,
				Base,
			);
			mainGroup = A40000000000000000000000;
			productRefGroup = A40000010000000000000002 /* Products */;
			projectDirPath = "";
			projectRoot = "";
			targets = (
				A50000010000000000000001 /* scout22 */,
				A2D918182FD8BC580087EF97 /* scout22ShareExtension */,
				AE00000100000000000000D1 /* scout22Tests */,
			);
		};
/* End PBXProject section */

/* Begin PBXResourcesBuildPhase section */
		A2D918172FD8BC580087EF97 /* Resources */ = {
			isa = PBXResourcesBuildPhase;
			buildActionMask = 2147483647;
			files = (
			);
			runOnlyForDeploymentPostprocessing = 0;
		};
		A30000010000000000000003 /* Resources */ = {
			isa = PBXResourcesBuildPhase;
			buildActionMask = 2147483647;
			files = (
				A10000010000000000000008 /* Assets.xcassets in Resources */,
				A10000010000000000000013 /* LaunchScreen.storyboard in Resources */,
				A10000010000000000000009 /* SampleVideos in Resources */,
				A10000010000000000000035 /* Fonts in Resources */,
			);
			runOnlyForDeploymentPostprocessing = 0;
		};
/* End PBXResourcesBuildPhase section */

/* Begin PBXSourcesBuildPhase section */
		A2D918152FD8BC580087EF97 /* Sources */ = {
			isa = PBXSourcesBuildPhase;
			buildActionMask = 2147483647;
			files = (
				A100000100000000000E0031 /* SharedConstants.swift in Sources */,
				A100000100000000000E0032 /* KeychainStore.swift in Sources */,
			);
			runOnlyForDeploymentPostprocessing = 0;
		};
		A30000010000000000000002 /* Sources */ = {
			isa = PBXSourcesBuildPhase;
			buildActionMask = 2147483647;
			files = (
				A10000010000000000000007 /* Config.swift in Sources */,
				A10000010000000000000011 /* SupabaseService.swift in Sources */,
				A10000010000000000000012 /* AppSessionStore.swift in Sources */,
				A10000010000000000000015 /* AdminHomeView.swift in Sources */,
				A10000010000000000000003 /* EmployerHomeView.swift in Sources */,
				A10000010000000000000004 /* JobSeekerHomeView.swift in Sources */,
				A10000010000000000000006 /* Models.swift in Sources */,
				A10000010000000000000002 /* NativeRootView.swift in Sources */,
				A10000010000000000000001 /* Scout22App.swift in Sources */,
				A10000010000000000000016 /* SharedUI.swift in Sources */,
				A10000010000000000000005 /* Theme.swift in Sources */,
				A10000010000000000000017 /* VideoComponents.swift in Sources */,
				A10000010000000000000018 /* VideoStudio.swift in Sources */,
				A10000010000000000000025 /* ApplyDrawerView.swift in Sources */,
				A10000010000000000000026 /* CarouselFeedCard.swift in Sources */,
				A10000010000000000000027 /* CarouselThemes.swift in Sources */,
				A10000010000000000000033 /* CarouselStyles.swift in Sources */,
				A10000010000000000000036 /* CarouselFonts.swift in Sources */,
				A10000010000000000000037 /* CarouselCardTemplates.swift in Sources */,
				A10000010000000000000028 /* SupabaseTransport.swift in Sources */,
				A10000010000000000000029 /* AuthService.swift in Sources */,
				A1000001000000000000002A /* CandidateService.swift in Sources */,
				A1000001000000000000002B /* AppLog.swift in Sources */,
				A1000001000000000000002C /* SharedFormatters.swift in Sources */,
				A1000001000000000000002D /* FounderEmailSheet.swift in Sources */,
				A10000010000000000000041 /* OnboardingFlowView.swift in Sources */,
				A1000001000000000000002E /* VideoProcessing.swift in Sources */,
				A1000001000000000000002F /* ResumeTextExtractor.swift in Sources */,
				A10000010000000000000030 /* SupabaseErrorMapping.swift in Sources */,
				A10000010000000000000031 /* SharedConstants.swift in Sources */,
				A10000010000000000000032 /* KeychainStore.swift in Sources */,
			);
			runOnlyForDeploymentPostprocessing = 0;
		};
		AD00000100000000000000C1 /* Sources */ = {
			isa = PBXSourcesBuildPhase;
			buildActionMask = 2147483647;
			files = (
				AB0000010000000000000001 /* ModelsDecodingTests.swift in Sources */,
				AB0000010000000000000002 /* SharedFormattersTests.swift in Sources */,
				AB0000010000000000000003 /* SupabaseErrorMappingTests.swift in Sources */,
				AB0000010000000000000008 /* CarouselStyleTests.swift in Sources */,
				AB0000010000000000000005 /* RenderSmokeTests.swift in Sources */,
				AB0000010000000000000006 /* AppSessionStoreBootstrapTests.swift in Sources */,
				AB0000010000000000000007 /* ATSAutofillPolicyTests.swift in Sources */,
			);
			runOnlyForDeploymentPostprocessing = 0;
		};
/* End PBXSourcesBuildPhase section */

/* Begin PBXTargetDependency section */
		A2D918222FD8BC580087EF97 /* PBXTargetDependency */ = {
			isa = PBXTargetDependency;
			target = A2D918182FD8BC580087EF97 /* scout22ShareExtension */;
			targetProxy = A2D918212FD8BC580087EF97 /* PBXContainerItemProxy */;
		};
		AD00000100000000000000A2 /* PBXTargetDependency */ = {
			isa = PBXTargetDependency;
			target = A50000010000000000000001 /* scout22 */;
			targetProxy = AD00000100000000000000A1 /* PBXContainerItemProxy */;
		};
/* End PBXTargetDependency section */

/* Begin XCBuildConfiguration section */
		A2D918262FD8BC580087EF97 /* Debug */ = {
			isa = XCBuildConfiguration;
			buildSettings = {
				APPLICATION_EXTENSION_API_ONLY = YES;
				CODE_SIGN_ENTITLEMENTS = scout22ShareExtension/scout22ShareExtension.entitlements;
				CODE_SIGN_STYLE = Automatic;
				DEBUG_INFORMATION_FORMAT = dwarf;
				DEVELOPMENT_TEAM = 42AKPHSLM9;
				GENERATE_INFOPLIST_FILE = NO;
				INFOPLIST_FILE = scout22ShareExtension/Info.plist;
				IPHONEOS_DEPLOYMENT_TARGET = 17.0;
				LD_RUNPATH_SEARCH_PATHS = (
					"$(inherited)",
					"@executable_path/Frameworks",
					"@executable_path/../../Frameworks",
				);
				PRODUCT_BUNDLE_IDENTIFIER = com.tryscout22.scout22.share;
				PRODUCT_NAME = "$(TARGET_NAME)";
				SDKROOT = iphoneos;
				SKIP_INSTALL = YES;
				SWIFT_OPTIMIZATION_LEVEL = "-Onone";
				SWIFT_VERSION = 5.0;
				TARGETED_DEVICE_FAMILY = 1;
			};
			name = Debug;
		};
		A2D918272FD8BC580087EF97 /* Release */ = {
			isa = XCBuildConfiguration;
			buildSettings = {
				APPLICATION_EXTENSION_API_ONLY = YES;
				CODE_SIGN_ENTITLEMENTS = scout22ShareExtension/scout22ShareExtension.entitlements;
				CODE_SIGN_STYLE = Automatic;
				DEBUG_INFORMATION_FORMAT = "dwarf-with-dsym";
				DEVELOPMENT_TEAM = 42AKPHSLM9;
				GENERATE_INFOPLIST_FILE = NO;
				INFOPLIST_FILE = scout22ShareExtension/Info.plist;
				IPHONEOS_DEPLOYMENT_TARGET = 17.0;
				LD_RUNPATH_SEARCH_PATHS = (
					"$(inherited)",
					"@executable_path/Frameworks",
					"@executable_path/../../Frameworks",
				);
				PRODUCT_BUNDLE_IDENTIFIER = com.tryscout22.scout22.share;
				PRODUCT_NAME = "$(TARGET_NAME)";
				SDKROOT = iphoneos;
				SKIP_INSTALL = YES;
				SWIFT_COMPILATION_MODE = wholemodule;
				SWIFT_VERSION = 5.0;
				TARGETED_DEVICE_FAMILY = 1;
				VALIDATE_PRODUCT = YES;
			};
			name = Release;
		};
		A80000010000000000000001 /* Debug */ = {
			isa = XCBuildConfiguration;
			baseConfigurationReference = A20000010000000000000014 /* scout22.xcconfig */;
			buildSettings = {
				ALWAYS_SEARCH_USER_PATHS = NO;
				ASSETCATALOG_COMPILER_APPICON_NAME = AppIcon;
				ASSETCATALOG_COMPILER_GLOBAL_ACCENT_COLOR_NAME = AccentColor;
				CLANG_ENABLE_MODULES = YES;
				CLANG_ENABLE_OBJC_ARC = YES;
				CLANG_WARN_DOCUMENTATION_COMMENTS = YES;
				CLANG_WARN_QUOTED_INCLUDE_IN_FRAMEWORK_HEADER = YES;
				CODE_SIGN_ENTITLEMENTS = scout22/scout22.entitlements;
				CODE_SIGN_STYLE = Automatic;
				COPY_PHASE_STRIP = NO;
				CURRENT_PROJECT_VERSION = 2;
				DEBUG_INFORMATION_FORMAT = dwarf;
				DEVELOPMENT_TEAM = 42AKPHSLM9;
				ENABLE_PREVIEWS = YES;
				ENABLE_TESTABILITY = YES;
				GENERATE_INFOPLIST_FILE = NO;
				INFOPLIST_FILE = scout22/Info.plist;
				INFOPLIST_KEY_CFBundleDisplayName = scout22;
				IPHONEOS_DEPLOYMENT_TARGET = 17.0;
				LD_RUNPATH_SEARCH_PATHS = (
					"$(inherited)",
					"@executable_path/Frameworks",
				);
				MARKETING_VERSION = 1.1;
				PRODUCT_BUNDLE_IDENTIFIER = com.tryscout22.scout22;
				PRODUCT_NAME = "$(TARGET_NAME)";
				SDKROOT = iphoneos;
				SUPPORTED_PLATFORMS = "iphoneos iphonesimulator";
				SWIFT_EMIT_LOC_STRINGS = YES;
				SWIFT_OPTIMIZATION_LEVEL = "-Onone";
				SWIFT_VERSION = 5.0;
				TARGETED_DEVICE_FAMILY = 1;
			};
			name = Debug;
		};
		A80000010000000000000002 /* Release */ = {
			isa = XCBuildConfiguration;
			baseConfigurationReference = A20000010000000000000014 /* scout22.xcconfig */;
			buildSettings = {
				ALWAYS_SEARCH_USER_PATHS = NO;
				ASSETCATALOG_COMPILER_APPICON_NAME = AppIcon;
				ASSETCATALOG_COMPILER_GLOBAL_ACCENT_COLOR_NAME = AccentColor;
				CLANG_ENABLE_MODULES = YES;
				CLANG_ENABLE_OBJC_ARC = YES;
				CLANG_WARN_DOCUMENTATION_COMMENTS = YES;
				CLANG_WARN_QUOTED_INCLUDE_IN_FRAMEWORK_HEADER = YES;
				CODE_SIGN_ENTITLEMENTS = scout22/scout22.entitlements;
				CODE_SIGN_STYLE = Automatic;
				COPY_PHASE_STRIP = NO;
				CURRENT_PROJECT_VERSION = 2;
				DEBUG_INFORMATION_FORMAT = "dwarf-with-dsym";
				DEVELOPMENT_TEAM = 42AKPHSLM9;
				ENABLE_PREVIEWS = YES;
				GENERATE_INFOPLIST_FILE = NO;
				INFOPLIST_FILE = scout22/Info.plist;
				INFOPLIST_KEY_CFBundleDisplayName = scout22;
				IPHONEOS_DEPLOYMENT_TARGET = 17.0;
				LD_RUNPATH_SEARCH_PATHS = (
					"$(inherited)",
					"@executable_path/Frameworks",
				);
				MARKETING_VERSION = 1.1;
				PRODUCT_BUNDLE_IDENTIFIER = com.tryscout22.scout22;
				PRODUCT_NAME = "$(TARGET_NAME)";
				SDKROOT = iphoneos;
				SUPPORTED_PLATFORMS = "iphoneos iphonesimulator";
				SWIFT_EMIT_LOC_STRINGS = YES;
				SWIFT_VERSION = 5.0;
				TARGETED_DEVICE_FAMILY = 1;
			};
			name = Release;
		};
		A80000010000000000000003 /* Debug */ = {
			isa = XCBuildConfiguration;
			buildSettings = {
				CLANG_WARN_QUOTED_INCLUDE_IN_FRAMEWORK_HEADER = YES;
				CURRENT_PROJECT_VERSION = 1;
				ENABLE_USER_SCRIPT_SANDBOXING = YES;
				IPHONEOS_DEPLOYMENT_TARGET = 17.0;
				LAST_UPGRADE_CHECK = 1600;
				MARKETING_VERSION = 1.0;
				PRODUCT_NAME = "$(TARGET_NAME)";
				SWIFT_VERSION = 5.0;
			};
			name = Debug;
		};
		A80000010000000000000004 /* Release */ = {
			isa = XCBuildConfiguration;
			buildSettings = {
				CLANG_WARN_QUOTED_INCLUDE_IN_FRAMEWORK_HEADER = YES;
				CURRENT_PROJECT_VERSION = 1;
				ENABLE_USER_SCRIPT_SANDBOXING = YES;
				IPHONEOS_DEPLOYMENT_TARGET = 17.0;
				LAST_UPGRADE_CHECK = 1600;
				MARKETING_VERSION = 1.0;
				PRODUCT_NAME = "$(TARGET_NAME)";
				SWIFT_VERSION = 5.0;
			};
			name = Release;
		};
		AF00000100000000000000E1 /* Debug */ = {
			isa = XCBuildConfiguration;
			buildSettings = {
				BUNDLE_LOADER = "$(TEST_HOST)";
				CODE_SIGN_STYLE = Automatic;
				GENERATE_INFOPLIST_FILE = YES;
				IPHONEOS_DEPLOYMENT_TARGET = 17.0;
				PRODUCT_BUNDLE_IDENTIFIER = com.tryscout22.scout22.tests;
				PRODUCT_NAME = "$(TARGET_NAME)";
				SDKROOT = iphoneos;
				SWIFT_VERSION = 5.0;
				TARGETED_DEVICE_FAMILY = 1;
				TEST_HOST = "$(BUILT_PRODUCTS_DIR)/scout22.app/$(BUNDLE_EXECUTABLE_FOLDER_PATH)/scout22";
			};
			name = Debug;
		};
		AF00000100000000000000E2 /* Release */ = {
			isa = XCBuildConfiguration;
			buildSettings = {
				BUNDLE_LOADER = "$(TEST_HOST)";
				CODE_SIGN_STYLE = Automatic;
				GENERATE_INFOPLIST_FILE = YES;
				IPHONEOS_DEPLOYMENT_TARGET = 17.0;
				PRODUCT_BUNDLE_IDENTIFIER = com.tryscout22.scout22.tests;
				PRODUCT_NAME = "$(TARGET_NAME)";
				SDKROOT = iphoneos;
				SWIFT_VERSION = 5.0;
				TARGETED_DEVICE_FAMILY = 1;
				TEST_HOST = "$(BUILT_PRODUCTS_DIR)/scout22.app/$(BUNDLE_EXECUTABLE_FOLDER_PATH)/scout22";
			};
			name = Release;
		};
/* End XCBuildConfiguration section */

/* Begin XCConfigurationList section */
		A2D918252FD8BC580087EF97 /* Build configuration list for PBXNativeTarget "scout22ShareExtension" */ = {
			isa = XCConfigurationList;
			buildConfigurations = (
				A2D918262FD8BC580087EF97 /* Debug */,
				A2D918272FD8BC580087EF97 /* Release */,
			);
			defaultConfigurationIsVisible = 0;
			defaultConfigurationName = Release;
		};
		A70000010000000000000001 /* Build configuration list for PBXNativeTarget "scout22" */ = {
			isa = XCConfigurationList;
			buildConfigurations = (
				A80000010000000000000001 /* Debug */,
				A80000010000000000000002 /* Release */,
			);
			defaultConfigurationIsVisible = 0;
			defaultConfigurationName = Release;
		};
		A70000010000000000000002 /* Build configuration list for PBXProject "scout22" */ = {
			isa = XCConfigurationList;
			buildConfigurations = (
				A80000010000000000000003 /* Debug */,
				A80000010000000000000004 /* Release */,
			);
			defaultConfigurationIsVisible = 0;
			defaultConfigurationName = Release;
		};
		AF00000100000000000000E3 /* Build configuration list for PBXNativeTarget "scout22Tests" */ = {
			isa = XCConfigurationList;
			buildConfigurations = (
				AF00000100000000000000E1 /* Debug */,
				AF00000100000000000000E2 /* Release */,
			);
			defaultConfigurationIsVisible = 0;
			defaultConfigurationName = Release;
		};
/* End XCConfigurationList section */
	};
	rootObject = A60000010000000000000001 /* Project object */;
}
