// !$*UTF8*$!
{
	archiveVersion = 1;
	classes = {
	};
	objectVersion = 56;
	objects = {

/* Begin PBXBuildFile section */
		A10000010000000000000001 /* JobTokApp.swift in Sources */ = {isa = PBXBuildFile; fileRef = A20000010000000000000001 /* JobTokApp.swift */; };
		A10000010000000000000002 /* NativeRootView.swift in Sources */ = {isa = PBXBuildFile; fileRef = A20000010000000000000002 /* NativeRootView.swift */; };
		A10000010000000000000003 /* EmployerHomeView.swift in Sources */ = {isa = PBXBuildFile; fileRef = A20000010000000000000003 /* EmployerHomeView.swift */; };
		A10000010000000000000004 /* JobSeekerHomeView.swift in Sources */ = {isa = PBXBuildFile; fileRef = A20000010000000000000004 /* JobSeekerHomeView.swift */; };
		A10000010000000000000005 /* Theme.swift in Sources */ = {isa = PBXBuildFile; fileRef = A20000010000000000000005 /* Theme.swift */; };
		A10000010000000000000006 /* Models.swift in Sources */ = {isa = PBXBuildFile; fileRef = A20000010000000000000006 /* Models.swift */; };
		A10000010000000000000007 /* Config.swift in Sources */ = {isa = PBXBuildFile; fileRef = A20000010000000000000007 /* Config.swift */; };
		A10000010000000000000008 /* Assets.xcassets in Resources */ = {isa = PBXBuildFile; fileRef = A20000010000000000000008 /* Assets.xcassets */; };
		A10000010000000000000009 /* SampleVideos in Resources */ = {isa = PBXBuildFile; fileRef = A20000010000000000000009 /* SampleVideos */; };
		A10000010000000000000011 /* SupabaseService.swift in Sources */ = {isa = PBXBuildFile; fileRef = A20000010000000000000011 /* SupabaseService.swift */; };
		A10000010000000000000012 /* AppSessionStore.swift in Sources */ = {isa = PBXBuildFile; fileRef = A20000010000000000000012 /* AppSessionStore.swift */; };
		A10000010000000000000013 /* LaunchScreen.storyboard in Resources */ = {isa = PBXBuildFile; fileRef = A20000010000000000000013 /* LaunchScreen.storyboard */; };
		A10000010000000000000015 /* AdminHomeView.swift in Sources */ = {isa = PBXBuildFile; fileRef = A20000010000000000000015 /* AdminHomeView.swift */; };
		A10000010000000000000016 /* SharedUI.swift in Sources */ = {isa = PBXBuildFile; fileRef = A20000010000000000000016 /* SharedUI.swift */; };
		A10000010000000000000017 /* VideoComponents.swift in Sources */ = {isa = PBXBuildFile; fileRef = A20000010000000000000017 /* VideoComponents.swift */; };
		A10000010000000000000018 /* VideoStudio.swift in Sources */ = {isa = PBXBuildFile; fileRef = A20000010000000000000018 /* VideoStudio.swift */; };
		A10000010000000000000020 /* JobTokShare.appex in Embed App Extensions */ = {isa = PBXBuildFile; fileRef = A20000010000000000000021 /* JobTokShare.appex */; settings = {ATTRIBUTES = (RemoveHeadersOnCopy, ); }; };
		A10000010000000000000021 /* ShareViewController.swift in Sources */ = {isa = PBXBuildFile; fileRef = A20000010000000000000022 /* ShareViewController.swift */; };
/* End PBXBuildFile section */

/* Begin PBXContainerItemProxy section */
		A90000010000000000000001 /* PBXContainerItemProxy */ = {
			isa = PBXContainerItemProxy;
			containerPortal = A60000010000000000000001 /* Project object */;
			proxyType = 1;
			remoteGlobalIDString = A50000010000000000000002;
			remoteInfo = JobTokShare;
		};
/* End PBXContainerItemProxy section */

/* Begin PBXCopyFilesBuildPhase section */
		A30000010000000000000007 /* Embed App Extensions */ = {
			isa = PBXCopyFilesBuildPhase;
			buildActionMask = 2147483647;
			dstPath = "";
			dstSubfolderSpec = 13;
			files = (
				A10000010000000000000020 /* JobTokShare.appex in Embed App Extensions */,
			);
			name = "Embed App Extensions";
			runOnlyForDeploymentPostprocessing = 0;
		};
/* End PBXCopyFilesBuildPhase section */

/* Begin PBXFileReference section */
		A20000000000000000000000 /* JobTok.app */ = {isa = PBXFileReference; explicitFileType = wrapper.application; includeInIndex = 0; path = JobTok.app; sourceTree = BUILT_PRODUCTS_DIR; };
		A20000010000000000000001 /* JobTokApp.swift */ = {isa = PBXFileReference; lastKnownFileType = sourcecode.swift; path = JobTokApp.swift; sourceTree = "<group>"; };
		A20000010000000000000002 /* NativeRootView.swift */ = {isa = PBXFileReference; lastKnownFileType = sourcecode.swift; path = NativeRootView.swift; sourceTree = "<group>"; };
		A20000010000000000000003 /* EmployerHomeView.swift */ = {isa = PBXFileReference; lastKnownFileType = sourcecode.swift; path = EmployerHomeView.swift; sourceTree = "<group>"; };
		A20000010000000000000004 /* JobSeekerHomeView.swift */ = {isa = PBXFileReference; lastKnownFileType = sourcecode.swift; path = JobSeekerHomeView.swift; sourceTree = "<group>"; };
		A20000010000000000000005 /* Theme.swift */ = {isa = PBXFileReference; lastKnownFileType = sourcecode.swift; path = Theme.swift; sourceTree = "<group>"; };
		A20000010000000000000006 /* Models.swift */ = {isa = PBXFileReference; lastKnownFileType = sourcecode.swift; path = Models.swift; sourceTree = "<group>"; };
		A20000010000000000000007 /* Config.swift */ = {isa = PBXFileReference; lastKnownFileType = sourcecode.swift; path = Config.swift; sourceTree = "<group>"; };
		A20000010000000000000008 /* Assets.xcassets */ = {isa = PBXFileReference; lastKnownFileType = folder.assetcatalog; path = Assets.xcassets; sourceTree = "<group>"; };
		A20000010000000000000009 /* SampleVideos */ = {isa = PBXFileReference; lastKnownFileType = folder; path = SampleVideos; sourceTree = "<group>"; };
		A20000010000000000000011 /* SupabaseService.swift */ = {isa = PBXFileReference; lastKnownFileType = sourcecode.swift; path = SupabaseService.swift; sourceTree = "<group>"; };
		A20000010000000000000012 /* AppSessionStore.swift */ = {isa = PBXFileReference; lastKnownFileType = sourcecode.swift; path = AppSessionStore.swift; sourceTree = "<group>"; };
		A20000010000000000000013 /* LaunchScreen.storyboard */ = {isa = PBXFileReference; lastKnownFileType = file.storyboard; path = LaunchScreen.storyboard; sourceTree = "<group>"; };
		A20000010000000000000014 /* JobTok.xcconfig */ = {isa = PBXFileReference; lastKnownFileType = text.xcconfig; path = JobTok.xcconfig; sourceTree = "<group>"; };
		A20000010000000000000015 /* AdminHomeView.swift */ = {isa = PBXFileReference; lastKnownFileType = sourcecode.swift; path = AdminHomeView.swift; sourceTree = "<group>"; };
		A20000010000000000000016 /* SharedUI.swift */ = {isa = PBXFileReference; lastKnownFileType = sourcecode.swift; path = SharedUI.swift; sourceTree = "<group>"; };
		A20000010000000000000017 /* VideoComponents.swift */ = {isa = PBXFileReference; lastKnownFileType = sourcecode.swift; path = VideoComponents.swift; sourceTree = "<group>"; };
		A20000010000000000000018 /* VideoStudio.swift */ = {isa = PBXFileReference; lastKnownFileType = sourcecode.swift; path = VideoStudio.swift; sourceTree = "<group>"; };
		A20000010000000000000020 /* JobTok.entitlements */ = {isa = PBXFileReference; lastKnownFileType = text.plist.entitlements; path = JobTok.entitlements; sourceTree = "<group>"; };
		A20000010000000000000021 /* JobTokShare.appex */ = {isa = PBXFileReference; explicitFileType = "wrapper.app-extension"; includeInIndex = 0; path = JobTokShare.appex; sourceTree = BUILT_PRODUCTS_DIR; };
		A20000010000000000000022 /* ShareViewController.swift */ = {isa = PBXFileReference; lastKnownFileType = sourcecode.swift; path = ShareViewController.swift; sourceTree = "<group>"; };
		A20000010000000000000023 /* Info.plist */ = {isa = PBXFileReference; lastKnownFileType = text.plist.xml; path = Info.plist; sourceTree = "<group>"; };
		A20000010000000000000024 /* JobTokShare.entitlements */ = {isa = PBXFileReference; lastKnownFileType = text.plist.entitlements; path = JobTokShare.entitlements; sourceTree = "<group>"; };
/* End PBXFileReference section */

/* Begin PBXFrameworksBuildPhase section */
		A30000010000000000000001 /* Frameworks */ = {
			isa = PBXFrameworksBuildPhase;
			buildActionMask = 2147483647;
			files = (
			);
			runOnlyForDeploymentPostprocessing = 0;
		};
		A30000010000000000000004 /* Frameworks */ = {
			isa = PBXFrameworksBuildPhase;
			buildActionMask = 2147483647;
			files = (
			);
			runOnlyForDeploymentPostprocessing = 0;
		};
/* End PBXFrameworksBuildPhase section */

/* Begin PBXGroup section */
		A40000000000000000000000 = {
			isa = PBXGroup;
			children = (
				A40000010000000000000001 /* JobTok */,
				A40000010000000000000003 /* JobTokShare */,
				A40000010000000000000002 /* Products */,
			);
			sourceTree = "<group>";
		};
		A40000010000000000000001 /* JobTok */ = {
			isa = PBXGroup;
			children = (
				A20000010000000000000001 /* JobTokApp.swift */,
				A20000010000000000000002 /* NativeRootView.swift */,
				A20000010000000000000003 /* EmployerHomeView.swift */,
				A20000010000000000000004 /* JobSeekerHomeView.swift */,
				A20000010000000000000005 /* Theme.swift */,
				A20000010000000000000006 /* Models.swift */,
				A20000010000000000000007 /* Config.swift */,
				A20000010000000000000008 /* Assets.xcassets */,
				A20000010000000000000013 /* LaunchScreen.storyboard */,
				A20000010000000000000014 /* JobTok.xcconfig */,
				A20000010000000000000009 /* SampleVideos */,
				A20000010000000000000011 /* SupabaseService.swift */,
				A20000010000000000000012 /* AppSessionStore.swift */,
				A20000010000000000000015 /* AdminHomeView.swift */,
				A20000010000000000000016 /* SharedUI.swift */,
				A20000010000000000000017 /* VideoComponents.swift */,
				A20000010000000000000018 /* VideoStudio.swift */,
				A20000010000000000000020 /* JobTok.entitlements */,
			);
			path = JobTok;
			sourceTree = "<group>";
		};
		A40000010000000000000002 /* Products */ = {
			isa = PBXGroup;
			children = (
				A20000000000000000000000 /* JobTok.app */,
				A20000010000000000000021 /* JobTokShare.appex */,
			);
			name = Products;
			sourceTree = "<group>";
		};
		A40000010000000000000003 /* JobTokShare */ = {
			isa = PBXGroup;
			children = (
				A20000010000000000000022 /* ShareViewController.swift */,
				A20000010000000000000023 /* Info.plist */,
				A20000010000000000000024 /* JobTokShare.entitlements */,
			);
			path = JobTokShare;
			sourceTree = "<group>";
		};
/* End PBXGroup section */

/* Begin PBXNativeTarget section */
		A50000010000000000000001 /* JobTok */ = {
			isa = PBXNativeTarget;
			buildConfigurationList = A70000010000000000000001 /* Build configuration list for PBXNativeTarget "JobTok" */;
			buildPhases = (
				A30000010000000000000002 /* Sources */,
				A30000010000000000000001 /* Frameworks */,
				A30000010000000000000003 /* Resources */,
				A30000010000000000000007 /* Embed App Extensions */,
			);
			buildRules = (
			);
			dependencies = (
				A90000010000000000000002 /* PBXTargetDependency */,
			);
			name = JobTok;
			productName = JobTok;
			productReference = A20000000000000000000000 /* JobTok.app */;
			productType = "com.apple.product-type.application";
		};
		A50000010000000000000002 /* JobTokShare */ = {
			isa = PBXNativeTarget;
			buildConfigurationList = A70000010000000000000003 /* Build configuration list for PBXNativeTarget "JobTokShare" */;
			buildPhases = (
				A30000010000000000000005 /* Sources */,
				A30000010000000000000004 /* Frameworks */,
				A30000010000000000000006 /* Resources */,
			);
			buildRules = (
			);
			dependencies = (
			);
			name = JobTokShare;
			productName = JobTokShare;
			productReference = A20000010000000000000021 /* JobTokShare.appex */;
			productType = "com.apple.product-type.app-extension";
		};
/* End PBXNativeTarget section */

/* Begin PBXProject section */
		A60000010000000000000001 /* Project object */ = {
			isa = PBXProject;
			attributes = {
				BuildIndependentTargetsInParallel = 1;
				LastSwiftUpdateCheck = 1600;
				LastUpgradeCheck = 1600;
				TargetAttributes = {
					A50000010000000000000001 = {
						CreatedOnToolsVersion = 16.0;
					};
					A50000010000000000000002 = {
						CreatedOnToolsVersion = 16.0;
					};
				};
			};
			buildConfigurationList = A70000010000000000000002 /* Build configuration list for PBXProject "JobTok" */;
			compatibilityVersion = "Xcode 14.0";
			developmentRegion = en;
			hasScannedForEncodings = 0;
			knownRegions = (
				en,
				Base,
			);
			mainGroup = A40000000000000000000000;
			productRefGroup = A40000010000000000000002 /* Products */;
			projectDirPath = "";
			projectRoot = "";
			targets = (
				A50000010000000000000001 /* JobTok */,
				A50000010000000000000002 /* JobTokShare */,
			);
		};
/* End PBXProject section */

/* Begin PBXResourcesBuildPhase section */
		A30000010000000000000003 /* Resources */ = {
			isa = PBXResourcesBuildPhase;
			buildActionMask = 2147483647;
			files = (
				A10000010000000000000008 /* Assets.xcassets in Resources */,
				A10000010000000000000013 /* LaunchScreen.storyboard in Resources */,
				A10000010000000000000009 /* SampleVideos in Resources */,
			);
			runOnlyForDeploymentPostprocessing = 0;
		};
		A30000010000000000000006 /* Resources */ = {
			isa = PBXResourcesBuildPhase;
			buildActionMask = 2147483647;
			files = (
			);
			runOnlyForDeploymentPostprocessing = 0;
		};
/* End PBXResourcesBuildPhase section */

/* Begin PBXSourcesBuildPhase section */
		A30000010000000000000002 /* Sources */ = {
			isa = PBXSourcesBuildPhase;
			buildActionMask = 2147483647;
			files = (
				A10000010000000000000007 /* Config.swift in Sources */,
				A10000010000000000000011 /* SupabaseService.swift in Sources */,
				A10000010000000000000012 /* AppSessionStore.swift in Sources */,
				A10000010000000000000015 /* AdminHomeView.swift in Sources */,
				A10000010000000000000003 /* EmployerHomeView.swift in Sources */,
				A10000010000000000000004 /* JobSeekerHomeView.swift in Sources */,
				A10000010000000000000006 /* Models.swift in Sources */,
				A10000010000000000000002 /* NativeRootView.swift in Sources */,
				A10000010000000000000001 /* JobTokApp.swift in Sources */,
				A10000010000000000000016 /* SharedUI.swift in Sources */,
				A10000010000000000000005 /* Theme.swift in Sources */,
				A10000010000000000000017 /* VideoComponents.swift in Sources */,
				A10000010000000000000018 /* VideoStudio.swift in Sources */,
			);
			runOnlyForDeploymentPostprocessing = 0;
		};
		A30000010000000000000005 /* Sources */ = {
			isa = PBXSourcesBuildPhase;
			buildActionMask = 2147483647;
			files = (
				A10000010000000000000021 /* ShareViewController.swift in Sources */,
			);
			runOnlyForDeploymentPostprocessing = 0;
		};
/* End PBXSourcesBuildPhase section */

/* Begin PBXTargetDependency section */
		A90000010000000000000002 /* PBXTargetDependency */ = {
			isa = PBXTargetDependency;
			target = A50000010000000000000002 /* JobTokShare */;
			targetProxy = A90000010000000000000001 /* PBXContainerItemProxy */;
		};
/* End PBXTargetDependency section */

/* Begin XCBuildConfiguration section */
		A80000010000000000000001 /* Debug */ = {
			isa = XCBuildConfiguration;
			baseConfigurationReference = A20000010000000000000014 /* JobTok.xcconfig */;
			buildSettings = {
				ALWAYS_SEARCH_USER_PATHS = NO;
				ASSETCATALOG_COMPILER_APPICON_NAME = AppIcon;
				ASSETCATALOG_COMPILER_GLOBAL_ACCENT_COLOR_NAME = AccentColor;
				CLANG_ENABLE_MODULES = YES;
				CLANG_ENABLE_OBJC_ARC = YES;
				CLANG_WARN_DOCUMENTATION_COMMENTS = YES;
				CLANG_WARN_QUOTED_INCLUDE_IN_FRAMEWORK_HEADER = YES;
				CODE_SIGN_ENTITLEMENTS = JobTok/JobTok.entitlements;
				CODE_SIGN_STYLE = Automatic;
				COPY_PHASE_STRIP = NO;
				CURRENT_PROJECT_VERSION = 3;
				DEBUG_INFORMATION_FORMAT = dwarf;
				DEVELOPMENT_TEAM = 42AKPHSLM9;
				ENABLE_PREVIEWS = YES;
				GENERATE_INFOPLIST_FILE = NO;
				INFOPLIST_FILE = JobTok/Info.plist;
				INFOPLIST_KEY_CFBundleDisplayName = JobTok;
				IPHONEOS_DEPLOYMENT_TARGET = 17.0;
				LD_RUNPATH_SEARCH_PATHS = (
					"$(inherited)",
					"@executable_path/Frameworks",
				);
				MARKETING_VERSION = 1.2;
				PRODUCT_BUNDLE_IDENTIFIER = com.jobtok.jobtok;
				PRODUCT_NAME = "$(TARGET_NAME)";
				SDKROOT = iphoneos;
				SUPPORTED_PLATFORMS = "iphoneos iphonesimulator";
				SWIFT_EMIT_LOC_STRINGS = YES;
				SWIFT_OPTIMIZATION_LEVEL = "-Onone";
				SWIFT_VERSION = 5.0;
				TARGETED_DEVICE_FAMILY = 1;
			};
			name = Debug;
		};
		A80000010000000000000002 /* Release */ = {
			isa = XCBuildConfiguration;
			baseConfigurationReference = A20000010000000000000014 /* JobTok.xcconfig */;
			buildSettings = {
				ALWAYS_SEARCH_USER_PATHS = NO;
				ASSETCATALOG_COMPILER_APPICON_NAME = AppIcon;
				ASSETCATALOG_COMPILER_GLOBAL_ACCENT_COLOR_NAME = AccentColor;
				CLANG_ENABLE_MODULES = YES;
				CLANG_ENABLE_OBJC_ARC = YES;
				CLANG_WARN_DOCUMENTATION_COMMENTS = YES;
				CLANG_WARN_QUOTED_INCLUDE_IN_FRAMEWORK_HEADER = YES;
				CODE_SIGN_ENTITLEMENTS = JobTok/JobTok.entitlements;
				CODE_SIGN_STYLE = Automatic;
				COPY_PHASE_STRIP = NO;
				CURRENT_PROJECT_VERSION = 3;
				DEBUG_INFORMATION_FORMAT = "dwarf-with-dsym";
				DEVELOPMENT_TEAM = 42AKPHSLM9;
				ENABLE_PREVIEWS = YES;
				GENERATE_INFOPLIST_FILE = NO;
				INFOPLIST_FILE = JobTok/Info.plist;
				INFOPLIST_KEY_CFBundleDisplayName = JobTok;
				IPHONEOS_DEPLOYMENT_TARGET = 17.0;
				LD_RUNPATH_SEARCH_PATHS = (
					"$(inherited)",
					"@executable_path/Frameworks",
				);
				MARKETING_VERSION = 1.2;
				PRODUCT_BUNDLE_IDENTIFIER = com.jobtok.jobtok;
				PRODUCT_NAME = "$(TARGET_NAME)";
				SDKROOT = iphoneos;
				SUPPORTED_PLATFORMS = "iphoneos iphonesimulator";
				SWIFT_EMIT_LOC_STRINGS = YES;
				SWIFT_VERSION = 5.0;
				TARGETED_DEVICE_FAMILY = 1;
			};
			name = Release;
		};
		A80000010000000000000003 /* Debug */ = {
			isa = XCBuildConfiguration;
			buildSettings = {
				CLANG_WARN_QUOTED_INCLUDE_IN_FRAMEWORK_HEADER = YES;
				ENABLE_USER_SCRIPT_SANDBOXING = YES;
				IPHONEOS_DEPLOYMENT_TARGET = 17.0;
				LAST_UPGRADE_CHECK = 1600;
				PRODUCT_NAME = "$(TARGET_NAME)";
				SWIFT_VERSION = 5.0;
			};
			name = Debug;
		};
		A80000010000000000000004 /* Release */ = {
			isa = XCBuildConfiguration;
			buildSettings = {
				CLANG_WARN_QUOTED_INCLUDE_IN_FRAMEWORK_HEADER = YES;
				ENABLE_USER_SCRIPT_SANDBOXING = YES;
				IPHONEOS_DEPLOYMENT_TARGET = 17.0;
				LAST_UPGRADE_CHECK = 1600;
				PRODUCT_NAME = "$(TARGET_NAME)";
				SWIFT_VERSION = 5.0;
			};
			name = Release;
		};
		A80000010000000000000005 /* Debug */ = {
			isa = XCBuildConfiguration;
			buildSettings = {
				APPLICATION_EXTENSION_API_ONLY = YES;
				CLANG_WARN_QUOTED_INCLUDE_IN_FRAMEWORK_HEADER = YES;
				CODE_SIGN_ENTITLEMENTS = JobTokShare/JobTokShare.entitlements;
				CODE_SIGN_STYLE = Automatic;
				CURRENT_PROJECT_VERSION = 2;
				DEVELOPMENT_TEAM = 42AKPHSLM9;
				GENERATE_INFOPLIST_FILE = NO;
				INFOPLIST_FILE = JobTokShare/Info.plist;
				IPHONEOS_DEPLOYMENT_TARGET = 17.0;
				LD_RUNPATH_SEARCH_PATHS = (
					"$(inherited)",
					"@executable_path/Frameworks",
					"@executable_path/../../Frameworks",
				);
				MARKETING_VERSION = 1.1;
				PRODUCT_BUNDLE_IDENTIFIER = com.jobtok.jobtok.share;
				PRODUCT_NAME = "$(TARGET_NAME)";
				SDKROOT = iphoneos;
				SKIP_INSTALL = YES;
				SWIFT_VERSION = 5.0;
				TARGETED_DEVICE_FAMILY = 1;
			};
			name = Debug;
		};
		A80000010000000000000006 /* Release */ = {
			isa = XCBuildConfiguration;
			buildSettings = {
				APPLICATION_EXTENSION_API_ONLY = YES;
				CLANG_WARN_QUOTED_INCLUDE_IN_FRAMEWORK_HEADER = YES;
				CODE_SIGN_ENTITLEMENTS = JobTokShare/JobTokShare.entitlements;
				CODE_SIGN_STYLE = Automatic;
				CURRENT_PROJECT_VERSION = 2;
				DEVELOPMENT_TEAM = 42AKPHSLM9;
				GENERATE_INFOPLIST_FILE = NO;
				INFOPLIST_FILE = JobTokShare/Info.plist;
				IPHONEOS_DEPLOYMENT_TARGET = 17.0;
				LD_RUNPATH_SEARCH_PATHS = (
					"$(inherited)",
					"@executable_path/Frameworks",
					"@executable_path/../../Frameworks",
				);
				MARKETING_VERSION = 1.1;
				PRODUCT_BUNDLE_IDENTIFIER = com.jobtok.jobtok.share;
				PRODUCT_NAME = "$(TARGET_NAME)";
				SDKROOT = iphoneos;
				SKIP_INSTALL = YES;
				SWIFT_VERSION = 5.0;
				TARGETED_DEVICE_FAMILY = 1;
			};
			name = Release;
		};
/* End XCBuildConfiguration section */

/* Begin XCConfigurationList section */
		A70000010000000000000001 /* Build configuration list for PBXNativeTarget "JobTok" */ = {
			isa = XCConfigurationList;
			buildConfigurations = (
				A80000010000000000000001 /* Debug */,
				A80000010000000000000002 /* Release */,
			);
			defaultConfigurationIsVisible = 0;
			defaultConfigurationName = Release;
		};
		A70000010000000000000002 /* Build configuration list for PBXProject "JobTok" */ = {
			isa = XCConfigurationList;
			buildConfigurations = (
				A80000010000000000000003 /* Debug */,
				A80000010000000000000004 /* Release */,
			);
			defaultConfigurationIsVisible = 0;
			defaultConfigurationName = Release;
		};
		A70000010000000000000003 /* Build configuration list for PBXNativeTarget "JobTokShare" */ = {
			isa = XCConfigurationList;
			buildConfigurations = (
				A80000010000000000000005 /* Debug */,
				A80000010000000000000006 /* Release */,
			);
			defaultConfigurationIsVisible = 0;
			defaultConfigurationName = Release;
		};
/* End XCConfigurationList section */
	};
	rootObject = A60000010000000000000001 /* Project object */;
}
